// !$*UTF8*$!
{
	archiveVersion = 1;
	classes = {
	};
	objectVersion = 46;
	objects = {

/* Begin PBXBuildFile section */
		B63730791A6151870073EB51 /* ACoreDataPortal.swift in Sources */ = {isa = PBXBuildFile; fileRef = B63730771A6151870073EB51 /* ACoreDataPortal.swift */; };
		B637307A1A6151870073EB51 /* ACoreDataStore.swift in Sources */ = {isa = PBXBuildFile; fileRef = B63730781A6151870073EB51 /* ACoreDataStore.swift */; };
		B637307D1A61566D0073EB51 /* DataModel.xcdatamodeld in Sources */ = {isa = PBXBuildFile; fileRef = B637307B1A61566D0073EB51 /* DataModel.xcdatamodeld */; };
		B637308C1A61579A0073EB51 /* Location.swift in Sources */ = {isa = PBXBuildFile; fileRef = B637308B1A61579A0073EB51 /* Location.swift */; };
		B637308E1A61579B0073EB51 /* Notification.swift in Sources */ = {isa = PBXBuildFile; fileRef = B637308D1A61579B0073EB51 /* Notification.swift */; };
		B63730901A61579B0073EB51 /* User.swift in Sources */ = {isa = PBXBuildFile; fileRef = B637308F1A61579B0073EB51 /* User.swift */; };
		B63730921A61579B0073EB51 /* LocalUser.swift in Sources */ = {isa = PBXBuildFile; fileRef = B63730911A61579B0073EB51 /* LocalUser.swift */; };
		B63730971A61580A0073EB51 /* LocationStore.swift in Sources */ = {isa = PBXBuildFile; fileRef = B63730961A61580A0073EB51 /* LocationStore.swift */; };
		B88EC3D21A614C610064ED0E /* AppDelegate.swift in Sources */ = {isa = PBXBuildFile; fileRef = B88EC3D11A614C610064ED0E /* AppDelegate.swift */; };
		B88EC3D41A614C610064ED0E /* ViewController.swift in Sources */ = {isa = PBXBuildFile; fileRef = B88EC3D31A614C610064ED0E /* ViewController.swift */; };
		B88EC3D71A614C610064ED0E /* Main.storyboard in Resources */ = {isa = PBXBuildFile; fileRef = B88EC3D51A614C610064ED0E /* Main.storyboard */; };
		B88EC3D91A614C610064ED0E /* Images.xcassets in Resources */ = {isa = PBXBuildFile; fileRef = B88EC3D81A614C610064ED0E /* Images.xcassets */; };
		B88EC3DC1A614C610064ED0E /* LaunchScreen.xib in Resources */ = {isa = PBXBuildFile; fileRef = B88EC3DA1A614C610064ED0E /* LaunchScreen.xib */; };
		B88EC3E81A614C610064ED0E /* AStalkerTests.swift in Sources */ = {isa = PBXBuildFile; fileRef = B88EC3E71A614C610064ED0E /* AStalkerTests.swift */; };
/* End PBXBuildFile section */

/* Begin PBXContainerItemProxy section */
		B88EC3E21A614C610064ED0E /* PBXContainerItemProxy */ = {
			isa = PBXContainerItemProxy;
			containerPortal = B88EC3C41A614C610064ED0E /* Project object */;
			proxyType = 1;
			remoteGlobalIDString = B88EC3CB1A614C610064ED0E;
			remoteInfo = AStalker;
		};
/* End PBXContainerItemProxy section */

/* Begin PBXFileReference section */
		B63730771A6151870073EB51 /* ACoreDataPortal.swift */ = {isa = PBXFileReference; fileEncoding = 4; lastKnownFileType = sourcecode.swift; path = ACoreDataPortal.swift; sourceTree = "<group>"; };
		B63730781A6151870073EB51 /* ACoreDataStore.swift */ = {isa = PBXFileReference; fileEncoding = 4; lastKnownFileType = sourcecode.swift; path = ACoreDataStore.swift; sourceTree = "<group>"; };
		B637307C1A61566D0073EB51 /* DataModel.xcdatamodel */ = {isa = PBXFileReference; lastKnownFileType = wrapper.xcdatamodel; path = DataModel.xcdatamodel; sourceTree = "<group>"; };
		B637308B1A61579A0073EB51 /* Location.swift */ = {isa = PBXFileReference; fileEncoding = 4; lastKnownFileType = sourcecode.swift; name = Location.swift; path = ../Location.swift; sourceTree = "<group>"; };
		B637308D1A61579B0073EB51 /* Notification.swift */ = {isa = PBXFileReference; fileEncoding = 4; lastKnownFileType = sourcecode.swift; name = Notification.swift; path = ../Notification.swift; sourceTree = "<group>"; };
		B637308F1A61579B0073EB51 /* User.swift */ = {isa = PBXFileReference; fileEncoding = 4; lastKnownFileType = sourcecode.swift; name = User.swift; path = ../User.swift; sourceTree = "<group>"; };
		B63730911A61579B0073EB51 /* LocalUser.swift */ = {isa = PBXFileReference; fileEncoding = 4; lastKnownFileType = sourcecode.swift; name = LocalUser.swift; path = ../LocalUser.swift; sourceTree = "<group>"; };
		B63730961A61580A0073EB51 /* LocationStore.swift */ = {isa = PBXFileReference; fileEncoding = 4; lastKnownFileType = sourcecode.swift; path = LocationStore.swift; sourceTree = "<group>"; };
		B88EC3CC1A614C610064ED0E /* AStalker.app */ = {isa = PBXFileReference; explicitFileType = wrapper.application; includeInIndex = 0; path = AStalker.app; sourceTree = BUILT_PRODUCTS_DIR; };
		B88EC3D01A614C610064ED0E /* Info.plist */ = {isa = PBXFileReference; lastKnownFileType = text.plist.xml; path = Info.plist; sourceTree = "<group>"; };
		B88EC3D11A614C610064ED0E /* AppDelegate.swift */ = {isa = PBXFileReference; lastKnownFileType = sourcecode.swift; path = AppDelegate.swift; sourceTree = "<group>"; };
		B88EC3D31A614C610064ED0E /* ViewController.swift */ = {isa = PBXFileReference; lastKnownFileType = sourcecode.swift; path = ViewController.swift; sourceTree = "<group>"; };
		B88EC3D61A614C610064ED0E /* Base */ = {isa = PBXFileReference; lastKnownFileType = file.storyboard; name = Base; path = Base.lproj/Main.storyboard; sourceTree = "<group>"; };
		B88EC3D81A614C610064ED0E /* Images.xcassets */ = {isa = PBXFileReference; lastKnownFileType = folder.assetcatalog; path = Images.xcassets; sourceTree = "<group>"; };
		B88EC3DB1A614C610064ED0E /* Base */ = {isa = PBXFileReference; lastKnownFileType = file.xib; name = Base; path = Base.lproj/LaunchScreen.xib; sourceTree = "<group>"; };
		B88EC3E11A614C610064ED0E /* AStalkerTests.xctest */ = {isa = PBXFileReference; explicitFileType = wrapper.cfbundle; includeInIndex = 0; path = AStalkerTests.xctest; sourceTree = BUILT_PRODUCTS_DIR; };
		B88EC3E61A614C610064ED0E /* Info.plist */ = {isa = PBXFileReference; lastKnownFileType = text.plist.xml; path = Info.plist; sourceTree = "<group>"; };
		B88EC3E71A614C610064ED0E /* AStalkerTests.swift */ = {isa = PBXFileReference; lastKnownFileType = sourcecode.swift; path = AStalkerTests.swift; sourceTree = "<group>"; };
/* End PBXFileReference section */

/* Begin PBXFrameworksBuildPhase section */
		B88EC3C91A614C610064ED0E /* Frameworks */ = {
			isa = PBXFrameworksBuildPhase;
			buildActionMask = 2147483647;
			files = (
			);
			runOnlyForDeploymentPostprocessing = 0;
		};
		B88EC3DE1A614C610064ED0E /* Frameworks */ = {
			isa = PBXFrameworksBuildPhase;
			buildActionMask = 2147483647;
			files = (
			);
			runOnlyForDeploymentPostprocessing = 0;
		};
/* End PBXFrameworksBuildPhase section */

/* Begin PBXGroup section */
		B63730741A6151400073EB51 /* Model */ = {
			isa = PBXGroup;
			children = (
				B63730931A6157BE0073EB51 /* NSManagedObject Subclasses */,
				B637307B1A61566D0073EB51 /* DataModel.xcdatamodeld */,
				B63730961A61580A0073EB51 /* LocationStore.swift */,
				B63730771A6151870073EB51 /* ACoreDataPortal.swift */,
				B63730781A6151870073EB51 /* ACoreDataStore.swift */,
			);
			name = Model;
			sourceTree = "<group>";
		};
		B63730751A6151450073EB51 /* View */ = {
			isa = PBXGroup;
			children = (
				B88EC3D51A614C610064ED0E /* Main.storyboard */,
			);
			name = View;
			sourceTree = "<group>";
		};
		B63730761A61514E0073EB51 /* Controller */ = {
			isa = PBXGroup;
			children = (
				B88EC3D31A614C610064ED0E /* ViewController.swift */,
			);
			name = Controller;
			sourceTree = "<group>";
		};
		B63730931A6157BE0073EB51 /* NSManagedObject Subclasses */ = {
			isa = PBXGroup;
			children = (
				B63730911A61579B0073EB51 /* LocalUser.swift */,
				B637308F1A61579B0073EB51 /* User.swift */,
				B637308D1A61579B0073EB51 /* Notification.swift */,
				B637308B1A61579A0073EB51 /* Location.swift */,
			);
			name = "NSManagedObject Subclasses";
			sourceTree = "<group>";
		};
		B88EC3C31A614C610064ED0E = {
			isa = PBXGroup;
			children = (
				B88EC3CE1A614C610064ED0E /* AStalker */,
				B88EC3E41A614C610064ED0E /* AStalkerTests */,
				B88EC3CD1A614C610064ED0E /* Products */,
			);
			sourceTree = "<group>";
		};
		B88EC3CD1A614C610064ED0E /* Products */ = {
			isa = PBXGroup;
			children = (
				B88EC3CC1A614C610064ED0E /* AStalker.app */,
				B88EC3E11A614C610064ED0E /* AStalkerTests.xctest */,
			);
			name = Products;
			sourceTree = "<group>";
		};
		B88EC3CE1A614C610064ED0E /* AStalker */ = {
			isa = PBXGroup;
			children = (
				B63730741A6151400073EB51 /* Model */,
				B63730751A6151450073EB51 /* View */,
				B63730761A61514E0073EB51 /* Controller */,
				B88EC3D11A614C610064ED0E /* AppDelegate.swift */,
				B88EC3D81A614C610064ED0E /* Images.xcassets */,
				B88EC3DA1A614C610064ED0E /* LaunchScreen.xib */,
				B88EC3CF1A614C610064ED0E /* Supporting Files */,
			);
			path = AStalker;
			sourceTree = "<group>";
		};
		B88EC3CF1A614C610064ED0E /* Supporting Files */ = {
			isa = PBXGroup;
			children = (
				B88EC3D01A614C610064ED0E /* Info.plist */,
			);
			name = "Supporting Files";
			sourceTree = "<group>";
		};
		B88EC3E41A614C610064ED0E /* AStalkerTests */ = {
			isa = PBXGroup;
			children = (
				B88EC3E71A614C610064ED0E /* AStalkerTests.swift */,
				B88EC3E51A614C610064ED0E /* Supporting Files */,
			);
			path = AStalkerTests;
			sourceTree = "<group>";
		};
		B88EC3E51A614C610064ED0E /* Supporting Files */ = {
			isa = PBXGroup;
			children = (
				B88EC3E61A614C610064ED0E /* Info.plist */,
			);
			name = "Supporting Files";
			sourceTree = "<group>";
		};
/* End PBXGroup section */

/* Begin PBXNativeTarget section */
		B88EC3CB1A614C610064ED0E /* AStalker */ = {
			isa = PBXNativeTarget;
			buildConfigurationList = B88EC3EB1A614C610064ED0E /* Build configuration list for PBXNativeTarget "AStalker" */;
			buildPhases = (
				B88EC3C81A614C610064ED0E /* Sources */,
				B88EC3C91A614C610064ED0E /* Frameworks */,
				B88EC3CA1A614C610064ED0E /* Resources */,
			);
			buildRules = (
			);
			dependencies = (
			);
			name = AStalker;
			productName = AStalker;
			productReference = B88EC3CC1A614C610064ED0E /* AStalker.app */;
			productType = "com.apple.product-type.application";
		};
		B88EC3E01A614C610064ED0E /* AStalkerTests */ = {
			isa = PBXNativeTarget;
			buildConfigurationList = B88EC3EE1A614C610064ED0E /* Build configuration list for PBXNativeTarget "AStalkerTests" */;
			buildPhases = (
				B88EC3DD1A614C610064ED0E /* Sources */,
				B88EC3DE1A614C610064ED0E /* Frameworks */,
				B88EC3DF1A614C610064ED0E /* Resources */,
			);
			buildRules = (
			);
			dependencies = (
				B88EC3E31A614C610064ED0E /* PBXTargetDependency */,
			);
			name = AStalkerTests;
			productName = AStalkerTests;
			productReference = B88EC3E11A614C610064ED0E /* AStalkerTests.xctest */;
			productType = "com.apple.product-type.bundle.unit-test";
		};
/* End PBXNativeTarget section */

/* Begin PBXProject section */
		B88EC3C41A614C610064ED0E /* Project object */ = {
			isa = PBXProject;
			attributes = {
				LastUpgradeCheck = 0620;
				ORGANIZATIONNAME = Antum;
				TargetAttributes = {
					B88EC3CB1A614C610064ED0E = {
						CreatedOnToolsVersion = 6.2;
					};
					B88EC3E01A614C610064ED0E = {
						CreatedOnToolsVersion = 6.2;
						TestTargetID = B88EC3CB1A614C610064ED0E;
					};
				};
			};
			buildConfigurationList = B88EC3C71A614C610064ED0E /* Build configuration list for PBXProject "AStalker" */;
			compatibilityVersion = "Xcode 3.2";
			developmentRegion = English;
			hasScannedForEncodings = 0;
			knownRegions = (
				en,
				Base,
			);
			mainGroup = B88EC3C31A614C610064ED0E;
			productRefGroup = B88EC3CD1A614C610064ED0E /* Products */;
			projectDirPath = "";
			projectRoot = "";
			targets = (
				B88EC3CB1A614C610064ED0E /* AStalker */,
				B88EC3E01A614C610064ED0E /* AStalkerTests */,
			);
		};
/* End PBXProject section */

/* Begin PBXResourcesBuildPhase section */
		B88EC3CA1A614C610064ED0E /* Resources */ = {
			isa = PBXResourcesBuildPhase;
			buildActionMask = 2147483647;
			files = (
				B88EC3D71A614C610064ED0E /* Main.storyboard in Resources */,
				B88EC3DC1A614C610064ED0E /* LaunchScreen.xib in Resources */,
				B88EC3D91A614C610064ED0E /* Images.xcassets in Resources */,
			);
			runOnlyForDeploymentPostprocessing = 0;
		};
		B88EC3DF1A614C610064ED0E /* Resources */ = {
			isa = PBXResourcesBuildPhase;
			buildActionMask = 2147483647;
			files = (
			);
			runOnlyForDeploymentPostprocessing = 0;
		};
/* End PBXResourcesBuildPhase section */

/* Begin PBXSourcesBuildPhase section */
		B88EC3C81A614C610064ED0E /* Sources */ = {
			isa = PBXSourcesBuildPhase;
			buildActionMask = 2147483647;
			files = (
				B63730971A61580A0073EB51 /* LocationStore.swift in Sources */,
				B88EC3D41A614C610064ED0E /* ViewController.swift in Sources */,
				B63730921A61579B0073EB51 /* LocalUser.swift in Sources */,
				B637307D1A61566D0073EB51 /* DataModel.xcdatamodeld in Sources */,
				B63730791A6151870073EB51 /* ACoreDataPortal.swift in Sources */,
				B637308E1A61579B0073EB51 /* Notification.swift in Sources */,
				B63730901A61579B0073EB51 /* User.swift in Sources */,
				B637307A1A6151870073EB51 /* ACoreDataStore.swift in Sources */,
				B637308C1A61579A0073EB51 /* Location.swift in Sources */,
				B88EC3D21A614C610064ED0E /* AppDelegate.swift in Sources */,
			);
			runOnlyForDeploymentPostprocessing = 0;
		};
		B88EC3DD1A614C610064ED0E /* Sources */ = {
			isa = PBXSourcesBuildPhase;
			buildActionMask = 2147483647;
			files = (
				B88EC3E81A614C610064ED0E /* AStalkerTests.swift in Sources */,
			);
			runOnlyForDeploymentPostprocessing = 0;
		};
/* End PBXSourcesBuildPhase section */

/* Begin PBXTargetDependency section */
		B88EC3E31A614C610064ED0E /* PBXTargetDependency */ = {
			isa = PBXTargetDependency;
			target = B88EC3CB1A614C610064ED0E /* AStalker */;
			targetProxy = B88EC3E21A614C610064ED0E /* PBXContainerItemProxy */;
		};
/* End PBXTargetDependency section */

/* Begin PBXVariantGroup section */
		B88EC3D51A614C610064ED0E /* Main.storyboard */ = {
			isa = PBXVariantGroup;
			children = (
				B88EC3D61A614C610064ED0E /* Base */,
			);
			name = Main.storyboard;
			sourceTree = "<group>";
		};
		B88EC3DA1A614C610064ED0E /* LaunchScreen.xib */ = {
			isa = PBXVariantGroup;
			children = (
				B88EC3DB1A614C610064ED0E /* Base */,
			);
			name = LaunchScreen.xib;
			sourceTree = "<group>";
		};
/* End PBXVariantGroup section */

/* Begin XCBuildConfiguration section */
		B88EC3E91A614C610064ED0E /* Debug */ = {
			isa = XCBuildConfiguration;
			buildSettings = {
				ALWAYS_SEARCH_USER_PATHS = NO;
				CLANG_CXX_LANGUAGE_STANDARD = "gnu++0x";
				CLANG_CXX_LIBRARY = "libc++";
				CLANG_ENABLE_MODULES = YES;
				CLANG_ENABLE_OBJC_ARC = YES;
				CLANG_WARN_BOOL_CONVERSION = YES;
				CLANG_WARN_CONSTANT_CONVERSION = YES;
				CLANG_WARN_DIRECT_OBJC_ISA_USAGE = YES_ERROR;
				CLANG_WARN_EMPTY_BODY = YES;
				CLANG_WARN_ENUM_CONVERSION = YES;
				CLANG_WARN_INT_CONVERSION = YES;
				CLANG_WARN_OBJC_ROOT_CLASS = YES_ERROR;
				CLANG_WARN_UNREACHABLE_CODE = YES;
				CLANG_WARN__DUPLICATE_METHOD_MATCH = YES;
				"CODE_SIGN_IDENTITY[sdk=iphoneos*]" = "iPhone Developer";
				COPY_PHASE_STRIP = NO;
				ENABLE_STRICT_OBJC_MSGSEND = YES;
				GCC_C_LANGUAGE_STANDARD = gnu99;
				GCC_DYNAMIC_NO_PIC = NO;
				GCC_OPTIMIZATION_LEVEL = 0;
				GCC_PREPROCESSOR_DEFINITIONS = (
					"DEBUG=1",
					"$(inherited)",
				);
				GCC_SYMBOLS_PRIVATE_EXTERN = NO;
				GCC_WARN_64_TO_32_BIT_CONVERSION = YES;
				GCC_WARN_ABOUT_RETURN_TYPE = YES_ERROR;
				GCC_WARN_UNDECLARED_SELECTOR = YES;
				GCC_WARN_UNINITIALIZED_AUTOS = YES_AGGRESSIVE;
				GCC_WARN_UNUSED_FUNCTION = YES;
				GCC_WARN_UNUSED_VARIABLE = YES;
				IPHONEOS_DEPLOYMENT_TARGET = 8.2;
				MTL_ENABLE_DEBUG_INFO = YES;
				ONLY_ACTIVE_ARCH = YES;
				SDKROOT = iphoneos;
				SWIFT_OPTIMIZATION_LEVEL = "-Onone";
				TARGETED_DEVICE_FAMILY = "1,2";
			};
			name = Debug;
		};
		B88EC3EA1A614C610064ED0E /* Release */ = {
			isa = XCBuildConfiguration;
			buildSettings = {
				ALWAYS_SEARCH_USER_PATHS = NO;
				CLANG_CXX_LANGUAGE_STANDARD = "gnu++0x";
				CLANG_CXX_LIBRARY = "libc++";
				CLANG_ENABLE_MODULES = YES;
				CLANG_ENABLE_OBJC_ARC = YES;
				CLANG_WARN_BOOL_CONVERSION = YES;
				CLANG_WARN_CONSTANT_CONVERSION = YES;
				CLANG_WARN_DIRECT_OBJC_ISA_USAGE = YES_ERROR;
				CLANG_WARN_EMPTY_BODY = YES;
				CLANG_WARN_ENUM_CONVERSION = YES;
				CLANG_WARN_INT_CONVERSION = YES;
				CLANG_WARN_OBJC_ROOT_CLASS = YES_ERROR;
				CLANG_WARN_UNREACHABLE_CODE = YES;
				CLANG_WARN__DUPLICATE_METHOD_MATCH = YES;
				"CODE_SIGN_IDENTITY[sdk=iphoneos*]" = "iPhone Developer";
				COPY_PHASE_STRIP = YES;
				ENABLE_NS_ASSERTIONS = NO;
				ENABLE_STRICT_OBJC_MSGSEND = YES;
				GCC_C_LANGUAGE_STANDARD = gnu99;
				GCC_WARN_64_TO_32_BIT_CONVERSION = YES;
				GCC_WARN_ABOUT_RETURN_TYPE = YES_ERROR;
				GCC_WARN_UNDECLARED_SELECTOR = YES;
				GCC_WARN_UNINITIALIZED_AUTOS = YES_AGGRESSIVE;
				GCC_WARN_UNUSED_FUNCTION = YES;
				GCC_WARN_UNUSED_VARIABLE = YES;
				IPHONEOS_DEPLOYMENT_TARGET = 8.2;
				MTL_ENABLE_DEBUG_INFO = NO;
				SDKROOT = iphoneos;
				TARGETED_DEVICE_FAMILY = "1,2";
				VALIDATE_PRODUCT = YES;
			};
			name = Release;
		};
		B88EC3EC1A614C610064ED0E /* Debug */ = {
			isa = XCBuildConfiguration;
			buildSettings = {
				ASSETCATALOG_COMPILER_APPICON_NAME = AppIcon;
				CLANG_ENABLE_MODULES = YES;
				INFOPLIST_FILE = AStalker/Info.plist;
				LD_RUNPATH_SEARCH_PATHS = "$(inherited) @executable_path/Frameworks";
				PRODUCT_NAME = "$(TARGET_NAME)";
				SWIFT_OBJC_BRIDGING_HEADER = "";
				SWIFT_OPTIMIZATION_LEVEL = "-Onone";
			};
			name = Debug;
		};
		B88EC3ED1A614C610064ED0E /* Release */ = {
			isa = XCBuildConfiguration;
			buildSettings = {
				ASSETCATALOG_COMPILER_APPICON_NAME = AppIcon;
				CLANG_ENABLE_MODULES = YES;
				INFOPLIST_FILE = AStalker/Info.plist;
				LD_RUNPATH_SEARCH_PATHS = "$(inherited) @executable_path/Frameworks";
				PRODUCT_NAME = "$(TARGET_NAME)";
				SWIFT_OBJC_BRIDGING_HEADER = "";
			};
			name = Release;
		};
		B88EC3EF1A614C610064ED0E /* Debug */ = {
			isa = XCBuildConfiguration;
			buildSettings = {
				BUNDLE_LOADER = "$(TEST_HOST)";
				FRAMEWORK_SEARCH_PATHS = (
					"$(SDKROOT)/Developer/Library/Frameworks",
					"$(inherited)",
				);
				GCC_PREPROCESSOR_DEFINITIONS = (
					"DEBUG=1",
					"$(inherited)",
				);
				INFOPLIST_FILE = AStalkerTests/Info.plist;
				LD_RUNPATH_SEARCH_PATHS = "$(inherited) @executable_path/Frameworks @loader_path/Frameworks";
				PRODUCT_NAME = "$(TARGET_NAME)";
				TEST_HOST = "$(BUILT_PRODUCTS_DIR)/AStalker.app/AStalker";
			};
			name = Debug;
		};
		B88EC3F01A614C610064ED0E /* Release */ = {
			isa = XCBuildConfiguration;
			buildSettings = {
				BUNDLE_LOADER = "$(TEST_HOST)";
				FRAMEWORK_SEARCH_PATHS = (
					"$(SDKROOT)/Developer/Library/Frameworks",
					"$(inherited)",
				);
				INFOPLIST_FILE = AStalkerTests/Info.plist;
				LD_RUNPATH_SEARCH_PATHS = "$(inherited) @executable_path/Frameworks @loader_path/Frameworks";
				PRODUCT_NAME = "$(TARGET_NAME)";
				TEST_HOST = "$(BUILT_PRODUCTS_DIR)/AStalker.app/AStalker";
			};
			name = Release;
		};
/* End XCBuildConfiguration section */

/* Begin XCConfigurationList section */
		B88EC3C71A614C610064ED0E /* Build configuration list for PBXProject "AStalker" */ = {
			isa = XCConfigurationList;
			buildConfigurations = (
				B88EC3E91A614C610064ED0E /* Debug */,
				B88EC3EA1A614C610064ED0E /* Release */,
			);
			defaultConfigurationIsVisible = 0;
			defaultConfigurationName = Release;
		};
		B88EC3EB1A614C610064ED0E /* Build configuration list for PBXNativeTarget "AStalker" */ = {
			isa = XCConfigurationList;
			buildConfigurations = (
				B88EC3EC1A614C610064ED0E /* Debug */,
				B88EC3ED1A614C610064ED0E /* Release */,
			);
			defaultConfigurationIsVisible = 0;
			defaultConfigurationName = Release;
		};
		B88EC3EE1A614C610064ED0E /* Build configuration list for PBXNativeTarget "AStalkerTests" */ = {
			isa = XCConfigurationList;
			buildConfigurations = (
				B88EC3EF1A614C610064ED0E /* Debug */,
				B88EC3F01A614C610064ED0E /* Release */,
			);
			defaultConfigurationIsVisible = 0;
			defaultConfigurationName = Release;
		};
/* End XCConfigurationList section */

/* Begin XCVersionGroup section */
		B637307B1A61566D0073EB51 /* DataModel.xcdatamodeld */ = {
			isa = XCVersionGroup;
			children = (
				B637307C1A61566D0073EB51 /* DataModel.xcdatamodel */,
			);
			currentVersion = B637307C1A61566D0073EB51 /* DataModel.xcdatamodel */;
			path = DataModel.xcdatamodeld;
			sourceTree = "<group>";
			versionGroupType = wrapper.xcdatamodel;
		};
/* End XCVersionGroup section */
	};
	rootObject = B88EC3C41A614C610064ED0E /* Project object */;
}
